// !$*UTF8*$!
{
	archiveVersion = 1;
	classes = {
	};
	objectVersion = 50;
	objects = {

/* Begin PBXBuildFile section */
		80AD85692584269A0022AEBC /* Color+Components.swift in Sources */ = {isa = PBXBuildFile; fileRef = 80AD85682584269A0022AEBC /* Color+Components.swift */; };
		80AD85702584462F0022AEBC /* SharedInterface.swift in Sources */ = {isa = PBXBuildFile; fileRef = 80AD856F2584462F0022AEBC /* SharedInterface.swift */; };
		80C1D9432583D2E100BE325D /* ShareTouchApp.swift in Sources */ = {isa = PBXBuildFile; fileRef = 80C1D9422583D2E100BE325D /* ShareTouchApp.swift */; };
		80C1D9452583D2E100BE325D /* ChooseColor.swift in Sources */ = {isa = PBXBuildFile; fileRef = 80C1D9442583D2E100BE325D /* ChooseColor.swift */; };
		80C1D94A2583D2E300BE325D /* Preview Assets.xcassets in Resources */ = {isa = PBXBuildFile; fileRef = 80C1D9492583D2E300BE325D /* Preview Assets.xcassets */; };
		80C1D9532583E23300BE325D /* PointConversions.swift in Sources */ = {isa = PBXBuildFile; fileRef = 80C1D9522583E23300BE325D /* PointConversions.swift */; };
		80C1D9662583EFF600BE325D /* EagerAnimation.swift in Sources */ = {isa = PBXBuildFile; fileRef = 80C1D9652583EFF600BE325D /* EagerAnimation.swift */; };
		80D50EF825ED254800EB8394 /* Assets.xcassets in Resources */ = {isa = PBXBuildFile; fileRef = 80D50EF725ED254800EB8394 /* Assets.xcassets */; };
		80D50F0325ED26D000EB8394 /* ShareTouch-Info.plist in Resources */ = {isa = PBXBuildFile; fileRef = 80D50F0225ED26D000EB8394 /* ShareTouch-Info.plist */; };
		80DD50DD258C258200CE165B /* ShareCoordinator.swift in Sources */ = {isa = PBXBuildFile; fileRef = 80DD50DC258C258200CE165B /* ShareCoordinator.swift */; };
		80DD50E1258C265F00CE165B /* ParticipantsPad.swift in Sources */ = {isa = PBXBuildFile; fileRef = 80DD50E0258C265F00CE165B /* ParticipantsPad.swift */; };
		80DD50E4258C268C00CE165B /* SharingPad.swift in Sources */ = {isa = PBXBuildFile; fileRef = 80DD50E3258C268C00CE165B /* SharingPad.swift */; };
		80DD50E8258C26C300CE165B /* ShareCircle.swift in Sources */ = {isa = PBXBuildFile; fileRef = 80DD50E7258C26C300CE165B /* ShareCircle.swift */; };
		80DD50F8258C27DC00CE165B /* View+CornerMask.swift in Sources */ = {isa = PBXBuildFile; fileRef = 80DD50F7258C27DC00CE165B /* View+CornerMask.swift */; };
/* End PBXBuildFile section */

/* Begin PBXFileReference section */
		80AD85682584269A0022AEBC /* Color+Components.swift */ = {isa = PBXFileReference; lastKnownFileType = sourcecode.swift; path = "Color+Components.swift"; sourceTree = "<group>"; };
		80AD856F2584462F0022AEBC /* SharedInterface.swift */ = {isa = PBXFileReference; lastKnownFileType = sourcecode.swift; path = SharedInterface.swift; sourceTree = "<group>"; };
		80C1D93F2583D2E100BE325D /* ShareTouch.app */ = {isa = PBXFileReference; explicitFileType = wrapper.application; includeInIndex = 0; path = ShareTouch.app; sourceTree = BUILT_PRODUCTS_DIR; };
		80C1D9422583D2E100BE325D /* ShareTouchApp.swift */ = {isa = PBXFileReference; lastKnownFileType = sourcecode.swift; path = ShareTouchApp.swift; sourceTree = "<group>"; };
		80C1D9442583D2E100BE325D /* ChooseColor.swift */ = {isa = PBXFileReference; lastKnownFileType = sourcecode.swift; path = ChooseColor.swift; sourceTree = "<group>"; };
		80C1D9492583D2E300BE325D /* Preview Assets.xcassets */ = {isa = PBXFileReference; lastKnownFileType = folder.assetcatalog; path = "Preview Assets.xcassets"; sourceTree = "<group>"; };
		80C1D9522583E23300BE325D /* PointConversions.swift */ = {isa = PBXFileReference; lastKnownFileType = sourcecode.swift; path = PointConversions.swift; sourceTree = "<group>"; };
		80C1D9652583EFF600BE325D /* EagerAnimation.swift */ = {isa = PBXFileReference; lastKnownFileType = sourcecode.swift; path = EagerAnimation.swift; sourceTree = "<group>"; };
		80D50EF725ED254800EB8394 /* Assets.xcassets */ = {isa = PBXFileReference; lastKnownFileType = folder.assetcatalog; path = Assets.xcassets; sourceTree = "<group>"; };
		80D50F0225ED26D000EB8394 /* ShareTouch-Info.plist */ = {isa = PBXFileReference; lastKnownFileType = text.plist.xml; path = "ShareTouch-Info.plist"; sourceTree = "<group>"; };
		80DD50DC258C258200CE165B /* ShareCoordinator.swift */ = {isa = PBXFileReference; lastKnownFileType = sourcecode.swift; path = ShareCoordinator.swift; sourceTree = "<group>"; };
		80DD50E0258C265F00CE165B /* ParticipantsPad.swift */ = {isa = PBXFileReference; lastKnownFileType = sourcecode.swift; path = ParticipantsPad.swift; sourceTree = "<group>"; };
		80DD50E3258C268C00CE165B /* SharingPad.swift */ = {isa = PBXFileReference; lastKnownFileType = sourcecode.swift; path = SharingPad.swift; sourceTree = "<group>"; };
		80DD50E7258C26C300CE165B /* ShareCircle.swift */ = {isa = PBXFileReference; lastKnownFileType = sourcecode.swift; path = ShareCircle.swift; sourceTree = "<group>"; };
		80DD50F7258C27DC00CE165B /* View+CornerMask.swift */ = {isa = PBXFileReference; lastKnownFileType = sourcecode.swift; path = "View+CornerMask.swift"; sourceTree = "<group>"; };
/* End PBXFileReference section */

/* Begin PBXFrameworksBuildPhase section */
		80C1D93C2583D2E100BE325D /* Frameworks */ = {
			isa = PBXFrameworksBuildPhase;
			buildActionMask = 2147483647;
			files = (
			);
			runOnlyForDeploymentPostprocessing = 0;
		};
/* End PBXFrameworksBuildPhase section */

/* Begin PBXGroup section */
		80C1D9362583D2E100BE325D = {
			isa = PBXGroup;
			children = (
				80C1D9412583D2E100BE325D /* ShareTouch */,
				80C1D9402583D2E100BE325D /* Products */,
			);
			sourceTree = "<group>";
		};
		80C1D9402583D2E100BE325D /* Products */ = {
			isa = PBXGroup;
			children = (
				80C1D93F2583D2E100BE325D /* ShareTouch.app */,
			);
			name = Products;
			sourceTree = "<group>";
		};
		80C1D9412583D2E100BE325D /* ShareTouch */ = {
			isa = PBXGroup;
			children = (
				80DD50EA258C26D900CE165B /* iOS+Server */,
				80DD50F3258C277A00CE165B /* Extensions */,
				80DD50DB258C257200CE165B /* ShareCoordinator */,
				80DD50DA258C256D00CE165B /* Views */,
				80C1D9422583D2E100BE325D /* ShareTouchApp.swift */,
				80D50EF725ED254800EB8394 /* Assets.xcassets */,
				80C1D9482583D2E300BE325D /* Preview Content */,
				80D50F0225ED26D000EB8394 /* ShareTouch-Info.plist */,
			);
			path = ShareTouch;
			sourceTree = "<group>";
		};
		80C1D9482583D2E300BE325D /* Preview Content */ = {
			isa = PBXGroup;
			children = (
				80C1D9492583D2E300BE325D /* Preview Assets.xcassets */,
			);
			path = "Preview Content";
			sourceTree = "<group>";
		};
		80DD50DA258C256D00CE165B /* Views */ = {
			isa = PBXGroup;
			children = (
				80DD50F1258C272400CE165B /* Share */,
				80DD50F0258C271D00CE165B /* Choose */,
			);
			path = Views;
			sourceTree = "<group>";
		};
		80DD50DB258C257200CE165B /* ShareCoordinator */ = {
			isa = PBXGroup;
			children = (
				80DD50DC258C258200CE165B /* ShareCoordinator.swift */,
			);
			path = ShareCoordinator;
			sourceTree = "<group>";
		};
		80DD50EA258C26D900CE165B /* iOS+Server */ = {
			isa = PBXGroup;
			children = (
				80AD856F2584462F0022AEBC /* SharedInterface.swift */,
			);
			path = "iOS+Server";
			sourceTree = "<group>";
		};
		80DD50F0258C271D00CE165B /* Choose */ = {
			isa = PBXGroup;
			children = (
				80C1D9442583D2E100BE325D /* ChooseColor.swift */,
			);
			path = Choose;
			sourceTree = "<group>";
		};
		80DD50F1258C272400CE165B /* Share */ = {
			isa = PBXGroup;
			children = (
				80DD50E0258C265F00CE165B /* ParticipantsPad.swift */,
				80DD50E3258C268C00CE165B /* SharingPad.swift */,
				80DD50E7258C26C300CE165B /* ShareCircle.swift */,
			);
			path = Share;
			sourceTree = "<group>";
		};
		80DD50F3258C277A00CE165B /* Extensions */ = {
			isa = PBXGroup;
			children = (
				80C1D9652583EFF600BE325D /* EagerAnimation.swift */,
				80AD85682584269A0022AEBC /* Color+Components.swift */,
				80C1D9522583E23300BE325D /* PointConversions.swift */,
				80DD50F7258C27DC00CE165B /* View+CornerMask.swift */,
			);
			path = Extensions;
			sourceTree = "<group>";
		};
/* End PBXGroup section */

/* Begin PBXNativeTarget section */
		80C1D93E2583D2E100BE325D /* ShareTouch */ = {
			isa = PBXNativeTarget;
			buildConfigurationList = 80C1D94E2583D2E300BE325D /* Build configuration list for PBXNativeTarget "ShareTouch" */;
			buildPhases = (
				80C1D93B2583D2E100BE325D /* Sources */,
				80C1D93C2583D2E100BE325D /* Frameworks */,
				80C1D93D2583D2E100BE325D /* Resources */,
			);
			buildRules = (
			);
			dependencies = (
			);
			name = ShareTouch;
			productName = ShareTouch;
			productReference = 80C1D93F2583D2E100BE325D /* ShareTouch.app */;
			productType = "com.apple.product-type.application";
		};
/* End PBXNativeTarget section */

/* Begin PBXProject section */
		80C1D9372583D2E100BE325D /* Project object */ = {
			isa = PBXProject;
			attributes = {
				LastSwiftUpdateCheck = 1220;
				LastUpgradeCheck = 1220;
				TargetAttributes = {
					80C1D93E2583D2E100BE325D = {
						CreatedOnToolsVersion = 12.2;
					};
				};
			};
			buildConfigurationList = 80C1D93A2583D2E100BE325D /* Build configuration list for PBXProject "ShareTouch" */;
			compatibilityVersion = "Xcode 9.3";
			developmentRegion = en;
			hasScannedForEncodings = 0;
			knownRegions = (
				en,
				Base,
			);
			mainGroup = 80C1D9362583D2E100BE325D;
			productRefGroup = 80C1D9402583D2E100BE325D /* Products */;
			projectDirPath = "";
			projectRoot = "";
			targets = (
				80C1D93E2583D2E100BE325D /* ShareTouch */,
			);
		};
/* End PBXProject section */

/* Begin PBXResourcesBuildPhase section */
		80C1D93D2583D2E100BE325D /* Resources */ = {
			isa = PBXResourcesBuildPhase;
			buildActionMask = 2147483647;
			files = (
				80D50F0325ED26D000EB8394 /* ShareTouch-Info.plist in Resources */,
				80C1D94A2583D2E300BE325D /* Preview Assets.xcassets in Resources */,
				80D50EF825ED254800EB8394 /* Assets.xcassets in Resources */,
			);
			runOnlyForDeploymentPostprocessing = 0;
		};
/* End PBXResourcesBuildPhase section */

/* Begin PBXSourcesBuildPhase section */
		80C1D93B2583D2E100BE325D /* Sources */ = {
			isa = PBXSourcesBuildPhase;
			buildActionMask = 2147483647;
			files = (
				80DD50DD258C258200CE165B /* ShareCoordinator.swift in Sources */,
				80C1D9452583D2E100BE325D /* ChooseColor.swift in Sources */,
				80DD50F8258C27DC00CE165B /* View+CornerMask.swift in Sources */,
				80C1D9662583EFF600BE325D /* EagerAnimation.swift in Sources */,
				80DD50E8258C26C300CE165B /* ShareCircle.swift in Sources */,
				80C1D9432583D2E100BE325D /* ShareTouchApp.swift in Sources */,
				80C1D9532583E23300BE325D /* PointConversions.swift in Sources */,
				80AD85702584462F0022AEBC /* SharedInterface.swift in Sources */,
				80AD85692584269A0022AEBC /* Color+Components.swift in Sources */,
				80DD50E4258C268C00CE165B /* SharingPad.swift in Sources */,
				80DD50E1258C265F00CE165B /* ParticipantsPad.swift in Sources */,
			);
			runOnlyForDeploymentPostprocessing = 0;
		};
/* End PBXSourcesBuildPhase section */

/* Begin XCBuildConfiguration section */
		80C1D94C2583D2E300BE325D /* Debug */ = {
			isa = XCBuildConfiguration;
			buildSettings = {
				ALWAYS_SEARCH_USER_PATHS = NO;
				CLANG_ANALYZER_NONNULL = YES;
				CLANG_ANALYZER_NUMBER_OBJECT_CONVERSION = YES_AGGRESSIVE;
				CLANG_CXX_LANGUAGE_STANDARD = "gnu++14";
				CLANG_CXX_LIBRARY = "libc++";
				CLANG_ENABLE_MODULES = YES;
				CLANG_ENABLE_OBJC_ARC = YES;
				CLANG_ENABLE_OBJC_WEAK = YES;
				CLANG_WARN_BLOCK_CAPTURE_AUTORELEASING = YES;
				CLANG_WARN_BOOL_CONVERSION = YES;
				CLANG_WARN_COMMA = YES;
				CLANG_WARN_CONSTANT_CONVERSION = YES;
				CLANG_WARN_DEPRECATED_OBJC_IMPLEMENTATIONS = YES;
				CLANG_WARN_DIRECT_OBJC_ISA_USAGE = YES_ERROR;
				CLANG_WARN_DOCUMENTATION_COMMENTS = YES;
				CLANG_WARN_EMPTY_BODY = YES;
				CLANG_WARN_ENUM_CONVERSION = YES;
				CLANG_WARN_INFINITE_RECURSION = YES;
				CLANG_WARN_INT_CONVERSION = YES;
				CLANG_WARN_NON_LITERAL_NULL_CONVERSION = YES;
				CLANG_WARN_OBJC_IMPLICIT_RETAIN_SELF = YES;
				CLANG_WARN_OBJC_LITERAL_CONVERSION = YES;
				CLANG_WARN_OBJC_ROOT_CLASS = YES_ERROR;
				CLANG_WARN_QUOTED_INCLUDE_IN_FRAMEWORK_HEADER = YES;
				CLANG_WARN_RANGE_LOOP_ANALYSIS = YES;
				CLANG_WARN_STRICT_PROTOTYPES = YES;
				CLANG_WARN_SUSPICIOUS_MOVE = YES;
				CLANG_WARN_UNGUARDED_AVAILABILITY = YES_AGGRESSIVE;
				CLANG_WARN_UNREACHABLE_CODE = YES;
				CLANG_WARN__DUPLICATE_METHOD_MATCH = YES;
				COPY_PHASE_STRIP = NO;
				DEBUG_INFORMATION_FORMAT = dwarf;
				ENABLE_STRICT_OBJC_MSGSEND = YES;
				ENABLE_TESTABILITY = YES;
				GCC_C_LANGUAGE_STANDARD = gnu11;
				GCC_DYNAMIC_NO_PIC = NO;
				GCC_NO_COMMON_BLOCKS = YES;
				GCC_OPTIMIZATION_LEVEL = 0;
				GCC_PREPROCESSOR_DEFINITIONS = (
					"DEBUG=1",
					"$(inherited)",
				);
				GCC_WARN_64_TO_32_BIT_CONVERSION = YES;
				GCC_WARN_ABOUT_RETURN_TYPE = YES_ERROR;
				GCC_WARN_UNDECLARED_SELECTOR = YES;
				GCC_WARN_UNINITIALIZED_AUTOS = YES_AGGRESSIVE;
				GCC_WARN_UNUSED_FUNCTION = YES;
				GCC_WARN_UNUSED_VARIABLE = YES;
				INFOPLIST_FILE = "ShareTouch/ShareTouch-Info.plist";
				IPHONEOS_DEPLOYMENT_TARGET = 14.0;
				MTL_ENABLE_DEBUG_INFO = INCLUDE_SOURCE;
				MTL_FAST_MATH = YES;
				ONLY_ACTIVE_ARCH = YES;
				SDKROOT = iphoneos;
				SWIFT_ACTIVE_COMPILATION_CONDITIONS = DEBUG;
				SWIFT_OPTIMIZATION_LEVEL = "-Onone";
			};
			name = Debug;
		};
		80C1D94D2583D2E300BE325D /* Release */ = {
			isa = XCBuildConfiguration;
			buildSettings = {
				ALWAYS_SEARCH_USER_PATHS = NO;
				CLANG_ANALYZER_NONNULL = YES;
				CLANG_ANALYZER_NUMBER_OBJECT_CONVERSION = YES_AGGRESSIVE;
				CLANG_CXX_LANGUAGE_STANDARD = "gnu++14";
				CLANG_CXX_LIBRARY = "libc++";
				CLANG_ENABLE_MODULES = YES;
				CLANG_ENABLE_OBJC_ARC = YES;
				CLANG_ENABLE_OBJC_WEAK = YES;
				CLANG_WARN_BLOCK_CAPTURE_AUTORELEASING = YES;
				CLANG_WARN_BOOL_CONVERSION = YES;
				CLANG_WARN_COMMA = YES;
				CLANG_WARN_CONSTANT_CONVERSION = YES;
				CLANG_WARN_DEPRECATED_OBJC_IMPLEMENTATIONS = YES;
				CLANG_WARN_DIRECT_OBJC_ISA_USAGE = YES_ERROR;
				CLANG_WARN_DOCUMENTATION_COMMENTS = YES;
				CLANG_WARN_EMPTY_BODY = YES;
				CLANG_WARN_ENUM_CONVERSION = YES;
				CLANG_WARN_INFINITE_RECURSION = YES;
				CLANG_WARN_INT_CONVERSION = YES;
				CLANG_WARN_NON_LITERAL_NULL_CONVERSION = YES;
				CLANG_WARN_OBJC_IMPLICIT_RETAIN_SELF = YES;
				CLANG_WARN_OBJC_LITERAL_CONVERSION = YES;
				CLANG_WARN_OBJC_ROOT_CLASS = YES_ERROR;
				CLANG_WARN_QUOTED_INCLUDE_IN_FRAMEWORK_HEADER = YES;
				CLANG_WARN_RANGE_LOOP_ANALYSIS = YES;
				CLANG_WARN_STRICT_PROTOTYPES = YES;
				CLANG_WARN_SUSPICIOUS_MOVE = YES;
				CLANG_WARN_UNGUARDED_AVAILABILITY = YES_AGGRESSIVE;
				CLANG_WARN_UNREACHABLE_CODE = YES;
				CLANG_WARN__DUPLICATE_METHOD_MATCH = YES;
				COPY_PHASE_STRIP = NO;
				DEBUG_INFORMATION_FORMAT = "dwarf-with-dsym";
				ENABLE_NS_ASSERTIONS = NO;
				ENABLE_STRICT_OBJC_MSGSEND = YES;
				GCC_C_LANGUAGE_STANDARD = gnu11;
				GCC_NO_COMMON_BLOCKS = YES;
				GCC_WARN_64_TO_32_BIT_CONVERSION = YES;
				GCC_WARN_ABOUT_RETURN_TYPE = YES_ERROR;
				GCC_WARN_UNDECLARED_SELECTOR = YES;
				GCC_WARN_UNINITIALIZED_AUTOS = YES_AGGRESSIVE;
				GCC_WARN_UNUSED_FUNCTION = YES;
				GCC_WARN_UNUSED_VARIABLE = YES;
				INFOPLIST_FILE = "ShareTouch/ShareTouch-Info.plist";
				IPHONEOS_DEPLOYMENT_TARGET = 14.0;
				MTL_ENABLE_DEBUG_INFO = NO;
				MTL_FAST_MATH = YES;
				SDKROOT = iphoneos;
				SWIFT_COMPILATION_MODE = wholemodule;
				SWIFT_OPTIMIZATION_LEVEL = "-O";
				VALIDATE_PRODUCT = YES;
			};
			name = Release;
		};
		80C1D94F2583D2E300BE325D /* Debug */ = {
			isa = XCBuildConfiguration;
			buildSettings = {
				ASSETCATALOG_COMPILER_APPICON_NAME = AppIcon;
				ASSETCATALOG_COMPILER_GLOBAL_ACCENT_COLOR_NAME = AccentColor;
				CODE_SIGN_STYLE = Automatic;
				DEVELOPMENT_ASSET_PATHS = "\"ShareTouch/Preview Content\"";
				DEVELOPMENT_TEAM = Q32LXKR624;
				ENABLE_PREVIEWS = YES;
				INFOPLIST_FILE = "ShareTouch/ShareTouch-Info.plist";
				IPHONEOS_DEPLOYMENT_TARGET = 14.0;
				LD_RUNPATH_SEARCH_PATHS = (
					"$(inherited)",
					"@executable_path/Frameworks",
				);
				PRODUCT_BUNDLE_IDENTIFIER = loganwright.io.ShareTouch;
				PRODUCT_NAME = "$(TARGET_NAME)";
				SWIFT_VERSION = 5.0;
				TARGETED_DEVICE_FAMILY = "1,2";
			};
			name = Debug;
		};
		80C1D9502583D2E300BE325D /* Release */ = {
			isa = XCBuildConfiguration;
			buildSettings = {
				ASSETCATALOG_COMPILER_APPICON_NAME = AppIcon;
				ASSETCATALOG_COMPILER_GLOBAL_ACCENT_COLOR_NAME = AccentColor;
				CODE_SIGN_STYLE = Automatic;
				DEVELOPMENT_ASSET_PATHS = "\"ShareTouch/Preview Content\"";
				DEVELOPMENT_TEAM = Q32LXKR624;
				ENABLE_PREVIEWS = YES;
				INFOPLIST_FILE = "ShareTouch/ShareTouch-Info.plist";
				IPHONEOS_DEPLOYMENT_TARGET = 14.0;
				LD_RUNPATH_SEARCH_PATHS = (
					"$(inherited)",
					"@executable_path/Frameworks",
				);
				PRODUCT_BUNDLE_IDENTIFIER = loganwright.io.ShareTouch;
				PRODUCT_NAME = "$(TARGET_NAME)";
				SWIFT_VERSION = 5.0;
				TARGETED_DEVICE_FAMILY = "1,2";
			};
			name = Release;
		};
/* End XCBuildConfiguration section */

/* Begin XCConfigurationList section */
		80C1D93A2583D2E100BE325D /* Build configuration list for PBXProject "ShareTouch" */ = {
			isa = XCConfigurationList;
			buildConfigurations = (
				80C1D94C2583D2E300BE325D /* Debug */,
				80C1D94D2583D2E300BE325D /* Release */,
			);
			defaultConfigurationIsVisible = 0;
			defaultConfigurationName = Release;
		};
		80C1D94E2583D2E300BE325D /* Build configuration list for PBXNativeTarget "ShareTouch" */ = {
			isa = XCConfigurationList;
			buildConfigurations = (
				80C1D94F2583D2E300BE325D /* Debug */,
				80C1D9502583D2E300BE325D /* Release */,
			);
			defaultConfigurationIsVisible = 0;
			defaultConfigurationName = Release;
		};
/* End XCConfigurationList section */
	};
	rootObject = 80C1D9372583D2E100BE325D /* Project object */;
}
